
Microsoft Visual Studio Solution File, Format Version 12.00
# Visual Studio Version 17
VisualStudioVersion = 17.11.35219.272
MinimumVisualStudioVersion = 10.0.40219.1
Project("{FAE04EC0-301F-11D3-BF4B-00C04F79EFBC}") = "primarywebapplication", "primarywebapplication\primarywebapplication.csproj", "{C28780D1-1F77-4CA5-A22D-85A4F9A02FD1}"
EndProject
Global
	GlobalSection(SolutionConfigurationPlatforms) = preSolution
		Debug|Any CPU = Debug|Any CPU
		Release|Any CPU = Release|Any CPU
	EndGlobalSection
	GlobalSection(ProjectConfigurationPlatforms) = postSolution
		{C28780D1-1F77-4CA5-A22D-85A4F9A02FD1}.Debug|Any CPU.ActiveCfg = Debug|Any CPU
		{C28780D1-1F77-4CA5-A22D-85A4F9A02FD1}.Debug|Any CPU.Build.0 = Debug|Any CPU
		{C28780D1-1F77-4CA5-A22D-85A4F9A02FD1}.Release|Any CPU.ActiveCfg = Release|Any CPU
		{C28780D1-1F77-4CA5-A22D-85A4F9A02FD1}.Release|Any CPU.Build.0 = Release|Any CPU
	EndGlobalSection
	GlobalSection(SolutionProperties) = preSolution
		HideSolutionNode = FALSE
	EndGlobalSection
	GlobalSection(ExtensibilityGlobals) = postSolution
		SolutionGuid = {E7557E03-FB06-4C3F-ADAE-2D3D66BDB389}
	EndGlobalSection
EndGlobal
